
Microsoft Visual Studio Solution File, Format Version 12.00
# Visual Studio Version 17
VisualStudioVersion = 17.5.33502.453
MinimumVisualStudioVersion = 10.0.40219.1
Project("{FAE04EC0-301F-11D3-BF4B-00C04F79EFBC}") = "ATM Program", "ATM Program\ATM Program.csproj", "{CFE51378-035F-4B83-8975-A4895DBE1E54}"
EndProject
Global
	GlobalSection(SolutionConfigurationPlatforms) = preSolution
		Debug|Any CPU = Debug|Any CPU
		Release|Any CPU = Release|Any CPU
	EndGlobalSection
	GlobalSection(ProjectConfigurationPlatforms) = postSolution
		{CFE51378-035F-4B83-8975-A4895DBE1E54}.Debug|Any CPU.ActiveCfg = Debug|Any CPU
		{CFE51378-035F-4B83-8975-A4895DBE1E54}.Debug|Any CPU.Build.0 = Debug|Any CPU
		{CFE51378-035F-4B83-8975-A4895DBE1E54}.Release|Any CPU.ActiveCfg = Release|Any CPU
		{CFE51378-035F-4B83-8975-A4895DBE1E54}.Release|Any CPU.Build.0 = Release|Any CPU
	EndGlobalSection
	GlobalSection(SolutionProperties) = preSolution
		HideSolutionNode = FALSE
	EndGlobalSection
	GlobalSection(ExtensibilityGlobals) = postSolution
		SolutionGuid = {4AF348A2-3461-4643-8387-6B563C6A0EBC}
	EndGlobalSection
EndGlobal
